{
  "name": "ChainMerge",
  "lockfileVersion": 3,
  "requires": true,
  "packages": {
    "": {
      "dependencies": {
        "chainmerge-sdk": "^0.1.2"
      }
    },
    "node_modules/chainmerge-sdk": {
      "version": "0.1.2",
      "resolved": "https://registry.npmjs.org/chainmerge-sdk/-/chainmerge-sdk-0.1.2.tgz",
      "integrity": "sha512-wcTT3OW/df/PwDHuok9zGSO07l02peeccqHv3s6jS/olfZcglYEe2Lv4hanp/DtfcUrC+OMI4au6f7UMoZZEQA==",
      "license": "MIT"
    }
  }
}
